
Microsoft Visual Studio Solution File, Format Version 12.00
# Visual Studio Version 17
VisualStudioVersion = 17.10.35013.160
MinimumVisualStudioVersion = 10.0.40219.1
Project("{8BC9CEB8-8B4A-11D0-8D11-00A0C91BC942}") = "CPPPractice", "CPPPractice\CPPPractice.vcxproj", "{3CF058CE-BD1B-4EB0-8116-7F7D0489CCAC}"
EndProject
Project("{8BC9CEB8-8B4A-11D0-8D11-00A0C91BC942}") = "ShapeToConsole", "ShapeToConsole\ShapeToConsole.vcxproj", "{0F9E2C28-2C53-4E07-A167-54194AAC97E9}"
EndProject
Project("{8BC9CEB8-8B4A-11D0-8D11-00A0C91BC942}") = "Variables", "Variables\Variables.vcxproj", "{BBA1D281-45A6-4F19-9CD0-7B9B0315A216}"
EndProject
Project("{8BC9CEB8-8B4A-11D0-8D11-00A0C91BC942}") = "DataTypes", "DataTypes\DataTypes.vcxproj", "{AB4A251B-49A6-4132-B6D9-1B3E99026DB0}"
EndProject
Project("{8BC9CEB8-8B4A-11D0-8D11-00A0C91BC942}") = "WorkingWithStrings", "WorkingWithStrings\WorkingWithStrings.vcxproj", "{6EFE5C92-BB95-4FB8-9514-B37E66B80CCD}"
EndProject
Project("{8BC9CEB8-8B4A-11D0-8D11-00A0C91BC942}") = "WorkingWithNumbers", "WorkingWithNumbers\WorkingWithNumbers.vcxproj", "{C61F6094-4661-47C0-9E73-9AC4B26861D3}"
EndProject
Project("{8BC9CEB8-8B4A-11D0-8D11-00A0C91BC942}") = "GettingUserInput", "GettingUserInput\GettingUserInput.vcxproj", "{8B8A3B7B-2B33-4FE5-ACBC-C0B8739C91D4}"
EndProject
Project("{8BC9CEB8-8B4A-11D0-8D11-00A0C91BC942}") = "SimpleCalculator", "SimpleCalculator\SimpleCalculator.vcxproj", "{FA977C9C-BC19-4FBC-B2DB-AF465F44BFCD}"
EndProject
Project("{8BC9CEB8-8B4A-11D0-8D11-00A0C91BC942}") = "MadLibsGame", "MadLibsGame\MadLibsGame.vcxproj", "{6299942B-5990-4739-9D4E-9F58624ACA03}"
EndProject
Project("{8BC9CEB8-8B4A-11D0-8D11-00A0C91BC942}") = "Arrays", "Arrays\Arrays.vcxproj", "{2A5B5469-21E4-4BAB-B314-FB71C139DDF1}"
EndProject
Project("{8BC9CEB8-8B4A-11D0-8D11-00A0C91BC942}") = "Functions", "Functions\Functions.vcxproj", "{BE7289B4-AB7F-4E25-9A53-EC8AA35E38F2}"
EndProject
Project("{8BC9CEB8-8B4A-11D0-8D11-00A0C91BC942}") = "ReturnStatement", "ReturnStatement\ReturnStatement.vcxproj", "{09BEA9BB-BB78-4962-B9AC-5E024B7E3F8B}"
EndProject
Project("{8BC9CEB8-8B4A-11D0-8D11-00A0C91BC942}") = "IfStatement", "IfStatement\IfStatement.vcxproj", "{F5824F79-E5E4-4B96-9A22-0AC016D13230}"
EndProject
Project("{8BC9CEB8-8B4A-11D0-8D11-00A0C91BC942}") = "IfStatementContinued", "IfStatementContinued\IfStatementContinued.vcxproj", "{1D498D43-E6AF-4BB3-B6B9-91CDE8B16A0D}"
EndProject
Project("{8BC9CEB8-8B4A-11D0-8D11-00A0C91BC942}") = "BetterCalculator", "BetterCalculator\BetterCalculator.vcxproj", "{E0B1C912-3C73-4C11-B681-FD1142147A4D}"
EndProject
Project("{8BC9CEB8-8B4A-11D0-8D11-00A0C91BC942}") = "SwitchStatements", "SwitchStatements\SwitchStatements.vcxproj", "{6519B39C-F4F9-4081-AEB5-B4481CD3DB45}"
EndProject
Project("{8BC9CEB8-8B4A-11D0-8D11-00A0C91BC942}") = "WhileLoops", "WhileLoops\WhileLoops.vcxproj", "{31EBF1CF-3CBC-4966-B366-D0BB591299C8}"
EndProject
Project("{8BC9CEB8-8B4A-11D0-8D11-00A0C91BC942}") = "DoWhileLoops", "DoWhileLoops\DoWhileLoops.vcxproj", "{1D31F0C5-801B-4D8B-AAC5-3D9A945EF7E7}"
EndProject
Project("{8BC9CEB8-8B4A-11D0-8D11-00A0C91BC942}") = "GuessingGame", "GuessingGame\GuessingGame.vcxproj", "{1D97AE3A-1973-4621-9C53-47336CC75F15}"
EndProject
Project("{8BC9CEB8-8B4A-11D0-8D11-00A0C91BC942}") = "ForLoops", "ForLoops\ForLoops.vcxproj", "{3FDCA83C-49A2-45BF-B3EE-FCEFDF2132EC}"
EndProject
Project("{8BC9CEB8-8B4A-11D0-8D11-00A0C91BC942}") = "ExponentFunction", "ExponentFunctions\ExponentFunctions.vcxproj", "{05ED98D0-4406-4E08-811E-675497F1E6F6}"
EndProject
Project("{8BC9CEB8-8B4A-11D0-8D11-00A0C91BC942}") = "ArraysAndNestedLoops", "ArraysAndNestedLoops\ArraysAndNestedLoops.vcxproj", "{7F7236E6-1DC1-42AB-B16D-91E2E1B953E7}"
EndProject
Project("{8BC9CEB8-8B4A-11D0-8D11-00A0C91BC942}") = "Comments", "Comments\Comments.vcxproj", "{5F0485D2-82C1-420A-BB77-4340F8065643}"
EndProject
Project("{8BC9CEB8-8B4A-11D0-8D11-00A0C91BC942}") = "Pointers", "Pointers\Pointers.vcxproj", "{C6D1A4B9-6D18-4EED-8F36-D73A2D4E22B3}"
EndProject
Project("{8BC9CEB8-8B4A-11D0-8D11-00A0C91BC942}") = "ClassesAndObjects", "ClassesAndObjects\ClassesAndObjects.vcxproj", "{245D0FC4-B898-47B9-ADDB-6385AC01DF08}"
EndProject
Project("{8BC9CEB8-8B4A-11D0-8D11-00A0C91BC942}") = "Inheritance", "Inheritance\Inheritance.vcxproj", "{6C9F9CEE-3738-4682-9E47-575C08ACB1B5}"
EndProject
Global
	GlobalSection(SolutionConfigurationPlatforms) = preSolution
		Debug|x64 = Debug|x64
		Debug|x86 = Debug|x86
		Release|x64 = Release|x64
		Release|x86 = Release|x86
	EndGlobalSection
	GlobalSection(ProjectConfigurationPlatforms) = postSolution
		{3CF058CE-BD1B-4EB0-8116-7F7D0489CCAC}.Debug|x64.ActiveCfg = Debug|x64
		{3CF058CE-BD1B-4EB0-8116-7F7D0489CCAC}.Debug|x64.Build.0 = Debug|x64
		{3CF058CE-BD1B-4EB0-8116-7F7D0489CCAC}.Debug|x86.ActiveCfg = Debug|Win32
		{3CF058CE-BD1B-4EB0-8116-7F7D0489CCAC}.Debug|x86.Build.0 = Debug|Win32
		{3CF058CE-BD1B-4EB0-8116-7F7D0489CCAC}.Release|x64.ActiveCfg = Release|x64
		{3CF058CE-BD1B-4EB0-8116-7F7D0489CCAC}.Release|x64.Build.0 = Release|x64
		{3CF058CE-BD1B-4EB0-8116-7F7D0489CCAC}.Release|x86.ActiveCfg = Release|Win32
		{3CF058CE-BD1B-4EB0-8116-7F7D0489CCAC}.Release|x86.Build.0 = Release|Win32
		{0F9E2C28-2C53-4E07-A167-54194AAC97E9}.Debug|x64.ActiveCfg = Debug|x64
		{0F9E2C28-2C53-4E07-A167-54194AAC97E9}.Debug|x64.Build.0 = Debug|x64
		{0F9E2C28-2C53-4E07-A167-54194AAC97E9}.Debug|x86.ActiveCfg = Debug|Win32
		{0F9E2C28-2C53-4E07-A167-54194AAC97E9}.Debug|x86.Build.0 = Debug|Win32
		{0F9E2C28-2C53-4E07-A167-54194AAC97E9}.Release|x64.ActiveCfg = Release|x64
		{0F9E2C28-2C53-4E07-A167-54194AAC97E9}.Release|x64.Build.0 = Release|x64
		{0F9E2C28-2C53-4E07-A167-54194AAC97E9}.Release|x86.ActiveCfg = Release|Win32
		{0F9E2C28-2C53-4E07-A167-54194AAC97E9}.Release|x86.Build.0 = Release|Win32
		{BBA1D281-45A6-4F19-9CD0-7B9B0315A216}.Debug|x64.ActiveCfg = Debug|x64
		{BBA1D281-45A6-4F19-9CD0-7B9B0315A216}.Debug|x64.Build.0 = Debug|x64
		{BBA1D281-45A6-4F19-9CD0-7B9B0315A216}.Debug|x86.ActiveCfg = Debug|Win32
		{BBA1D281-45A6-4F19-9CD0-7B9B0315A216}.Debug|x86.Build.0 = Debug|Win32
		{BBA1D281-45A6-4F19-9CD0-7B9B0315A216}.Release|x64.ActiveCfg = Release|x64
		{BBA1D281-45A6-4F19-9CD0-7B9B0315A216}.Release|x64.Build.0 = Release|x64
		{BBA1D281-45A6-4F19-9CD0-7B9B0315A216}.Release|x86.ActiveCfg = Release|Win32
		{BBA1D281-45A6-4F19-9CD0-7B9B0315A216}.Release|x86.Build.0 = Release|Win32
		{AB4A251B-49A6-4132-B6D9-1B3E99026DB0}.Debug|x64.ActiveCfg = Debug|x64
		{AB4A251B-49A6-4132-B6D9-1B3E99026DB0}.Debug|x64.Build.0 = Debug|x64
		{AB4A251B-49A6-4132-B6D9-1B3E99026DB0}.Debug|x86.ActiveCfg = Debug|Win32
		{AB4A251B-49A6-4132-B6D9-1B3E99026DB0}.Debug|x86.Build.0 = Debug|Win32
		{AB4A251B-49A6-4132-B6D9-1B3E99026DB0}.Release|x64.ActiveCfg = Release|x64
		{AB4A251B-49A6-4132-B6D9-1B3E99026DB0}.Release|x64.Build.0 = Release|x64
		{AB4A251B-49A6-4132-B6D9-1B3E99026DB0}.Release|x86.ActiveCfg = Release|Win32
		{AB4A251B-49A6-4132-B6D9-1B3E99026DB0}.Release|x86.Build.0 = Release|Win32
		{6EFE5C92-BB95-4FB8-9514-B37E66B80CCD}.Debug|x64.ActiveCfg = Debug|x64
		{6EFE5C92-BB95-4FB8-9514-B37E66B80CCD}.Debug|x64.Build.0 = Debug|x64
		{6EFE5C92-BB95-4FB8-9514-B37E66B80CCD}.Debug|x86.ActiveCfg = Debug|Win32
		{6EFE5C92-BB95-4FB8-9514-B37E66B80CCD}.Debug|x86.Build.0 = Debug|Win32
		{6EFE5C92-BB95-4FB8-9514-B37E66B80CCD}.Release|x64.ActiveCfg = Release|x64
		{6EFE5C92-BB95-4FB8-9514-B37E66B80CCD}.Release|x64.Build.0 = Release|x64
		{6EFE5C92-BB95-4FB8-9514-B37E66B80CCD}.Release|x86.ActiveCfg = Release|Win32
		{6EFE5C92-BB95-4FB8-9514-B37E66B80CCD}.Release|x86.Build.0 = Release|Win32
		{C61F6094-4661-47C0-9E73-9AC4B26861D3}.Debug|x64.ActiveCfg = Debug|x64
		{C61F6094-4661-47C0-9E73-9AC4B26861D3}.Debug|x64.Build.0 = Debug|x64
		{C61F6094-4661-47C0-9E73-9AC4B26861D3}.Debug|x86.ActiveCfg = Debug|Win32
		{C61F6094-4661-47C0-9E73-9AC4B26861D3}.Debug|x86.Build.0 = Debug|Win32
		{C61F6094-4661-47C0-9E73-9AC4B26861D3}.Release|x64.ActiveCfg = Release|x64
		{C61F6094-4661-47C0-9E73-9AC4B26861D3}.Release|x64.Build.0 = Release|x64
		{C61F6094-4661-47C0-9E73-9AC4B26861D3}.Release|x86.ActiveCfg = Release|Win32
		{C61F6094-4661-47C0-9E73-9AC4B26861D3}.Release|x86.Build.0 = Release|Win32
		{8B8A3B7B-2B33-4FE5-ACBC-C0B8739C91D4}.Debug|x64.ActiveCfg = Debug|x64
		{8B8A3B7B-2B33-4FE5-ACBC-C0B8739C91D4}.Debug|x64.Build.0 = Debug|x64
		{8B8A3B7B-2B33-4FE5-ACBC-C0B8739C91D4}.Debug|x86.ActiveCfg = Debug|Win32
		{8B8A3B7B-2B33-4FE5-ACBC-C0B8739C91D4}.Debug|x86.Build.0 = Debug|Win32
		{8B8A3B7B-2B33-4FE5-ACBC-C0B8739C91D4}.Release|x64.ActiveCfg = Release|x64
		{8B8A3B7B-2B33-4FE5-ACBC-C0B8739C91D4}.Release|x64.Build.0 = Release|x64
		{8B8A3B7B-2B33-4FE5-ACBC-C0B8739C91D4}.Release|x86.ActiveCfg = Release|Win32
		{8B8A3B7B-2B33-4FE5-ACBC-C0B8739C91D4}.Release|x86.Build.0 = Release|Win32
		{FA977C9C-BC19-4FBC-B2DB-AF465F44BFCD}.Debug|x64.ActiveCfg = Debug|x64
		{FA977C9C-BC19-4FBC-B2DB-AF465F44BFCD}.Debug|x64.Build.0 = Debug|x64
		{FA977C9C-BC19-4FBC-B2DB-AF465F44BFCD}.Debug|x86.ActiveCfg = Debug|Win32
		{FA977C9C-BC19-4FBC-B2DB-AF465F44BFCD}.Debug|x86.Build.0 = Debug|Win32
		{FA977C9C-BC19-4FBC-B2DB-AF465F44BFCD}.Release|x64.ActiveCfg = Release|x64
		{FA977C9C-BC19-4FBC-B2DB-AF465F44BFCD}.Release|x64.Build.0 = Release|x64
		{FA977C9C-BC19-4FBC-B2DB-AF465F44BFCD}.Release|x86.ActiveCfg = Release|Win32
		{FA977C9C-BC19-4FBC-B2DB-AF465F44BFCD}.Release|x86.Build.0 = Release|Win32
		{6299942B-5990-4739-9D4E-9F58624ACA03}.Debug|x64.ActiveCfg = Debug|x64
		{6299942B-5990-4739-9D4E-9F58624ACA03}.Debug|x64.Build.0 = Debug|x64
		{6299942B-5990-4739-9D4E-9F58624ACA03}.Debug|x86.ActiveCfg = Debug|Win32
		{6299942B-5990-4739-9D4E-9F58624ACA03}.Debug|x86.Build.0 = Debug|Win32
		{6299942B-5990-4739-9D4E-9F58624ACA03}.Release|x64.ActiveCfg = Release|x64
		{6299942B-5990-4739-9D4E-9F58624ACA03}.Release|x64.Build.0 = Release|x64
		{6299942B-5990-4739-9D4E-9F58624ACA03}.Release|x86.ActiveCfg = Release|Win32
		{6299942B-5990-4739-9D4E-9F58624ACA03}.Release|x86.Build.0 = Release|Win32
		{2A5B5469-21E4-4BAB-B314-FB71C139DDF1}.Debug|x64.ActiveCfg = Debug|x64
		{2A5B5469-21E4-4BAB-B314-FB71C139DDF1}.Debug|x64.Build.0 = Debug|x64
		{2A5B5469-21E4-4BAB-B314-FB71C139DDF1}.Debug|x86.ActiveCfg = Debug|Win32
		{2A5B5469-21E4-4BAB-B314-FB71C139DDF1}.Debug|x86.Build.0 = Debug|Win32
		{2A5B5469-21E4-4BAB-B314-FB71C139DDF1}.Release|x64.ActiveCfg = Release|x64
		{2A5B5469-21E4-4BAB-B314-FB71C139DDF1}.Release|x64.Build.0 = Release|x64
		{2A5B5469-21E4-4BAB-B314-FB71C139DDF1}.Release|x86.ActiveCfg = Release|Win32
		{2A5B5469-21E4-4BAB-B314-FB71C139DDF1}.Release|x86.Build.0 = Release|Win32
		{BE7289B4-AB7F-4E25-9A53-EC8AA35E38F2}.Debug|x64.ActiveCfg = Debug|x64
		{BE7289B4-AB7F-4E25-9A53-EC8AA35E38F2}.Debug|x64.Build.0 = Debug|x64
		{BE7289B4-AB7F-4E25-9A53-EC8AA35E38F2}.Debug|x86.ActiveCfg = Debug|Win32
		{BE7289B4-AB7F-4E25-9A53-EC8AA35E38F2}.Debug|x86.Build.0 = Debug|Win32
		{BE7289B4-AB7F-4E25-9A53-EC8AA35E38F2}.Release|x64.ActiveCfg = Release|x64
		{BE7289B4-AB7F-4E25-9A53-EC8AA35E38F2}.Release|x64.Build.0 = Release|x64
		{BE7289B4-AB7F-4E25-9A53-EC8AA35E38F2}.Release|x86.ActiveCfg = Release|Win32
		{BE7289B4-AB7F-4E25-9A53-EC8AA35E38F2}.Release|x86.Build.0 = Release|Win32
		{09BEA9BB-BB78-4962-B9AC-5E024B7E3F8B}.Debug|x64.ActiveCfg = Debug|x64
		{09BEA9BB-BB78-4962-B9AC-5E024B7E3F8B}.Debug|x64.Build.0 = Debug|x64
		{09BEA9BB-BB78-4962-B9AC-5E024B7E3F8B}.Debug|x86.ActiveCfg = Debug|Win32
		{09BEA9BB-BB78-4962-B9AC-5E024B7E3F8B}.Debug|x86.Build.0 = Debug|Win32
		{09BEA9BB-BB78-4962-B9AC-5E024B7E3F8B}.Release|x64.ActiveCfg = Release|x64
		{09BEA9BB-BB78-4962-B9AC-5E024B7E3F8B}.Release|x64.Build.0 = Release|x64
		{09BEA9BB-BB78-4962-B9AC-5E024B7E3F8B}.Release|x86.ActiveCfg = Release|Win32
		{09BEA9BB-BB78-4962-B9AC-5E024B7E3F8B}.Release|x86.Build.0 = Release|Win32
		{F5824F79-E5E4-4B96-9A22-0AC016D13230}.Debug|x64.ActiveCfg = Debug|x64
		{F5824F79-E5E4-4B96-9A22-0AC016D13230}.Debug|x64.Build.0 = Debug|x64
		{F5824F79-E5E4-4B96-9A22-0AC016D13230}.Debug|x86.ActiveCfg = Debug|Win32
		{F5824F79-E5E4-4B96-9A22-0AC016D13230}.Debug|x86.Build.0 = Debug|Win32
		{F5824F79-E5E4-4B96-9A22-0AC016D13230}.Release|x64.ActiveCfg = Release|x64
		{F5824F79-E5E4-4B96-9A22-0AC016D13230}.Release|x64.Build.0 = Release|x64
		{F5824F79-E5E4-4B96-9A22-0AC016D13230}.Release|x86.ActiveCfg = Release|Win32
		{F5824F79-E5E4-4B96-9A22-0AC016D13230}.Release|x86.Build.0 = Release|Win32
		{1D498D43-E6AF-4BB3-B6B9-91CDE8B16A0D}.Debug|x64.ActiveCfg = Debug|x64
		{1D498D43-E6AF-4BB3-B6B9-91CDE8B16A0D}.Debug|x64.Build.0 = Debug|x64
		{1D498D43-E6AF-4BB3-B6B9-91CDE8B16A0D}.Debug|x86.ActiveCfg = Debug|Win32
		{1D498D43-E6AF-4BB3-B6B9-91CDE8B16A0D}.Debug|x86.Build.0 = Debug|Win32
		{1D498D43-E6AF-4BB3-B6B9-91CDE8B16A0D}.Release|x64.ActiveCfg = Release|x64
		{1D498D43-E6AF-4BB3-B6B9-91CDE8B16A0D}.Release|x64.Build.0 = Release|x64
		{1D498D43-E6AF-4BB3-B6B9-91CDE8B16A0D}.Release|x86.ActiveCfg = Release|Win32
		{1D498D43-E6AF-4BB3-B6B9-91CDE8B16A0D}.Release|x86.Build.0 = Release|Win32
		{E0B1C912-3C73-4C11-B681-FD1142147A4D}.Debug|x64.ActiveCfg = Debug|x64
		{E0B1C912-3C73-4C11-B681-FD1142147A4D}.Debug|x64.Build.0 = Debug|x64
		{E0B1C912-3C73-4C11-B681-FD1142147A4D}.Debug|x86.ActiveCfg = Debug|Win32
		{E0B1C912-3C73-4C11-B681-FD1142147A4D}.Debug|x86.Build.0 = Debug|Win32
		{E0B1C912-3C73-4C11-B681-FD1142147A4D}.Release|x64.ActiveCfg = Release|x64
		{E0B1C912-3C73-4C11-B681-FD1142147A4D}.Release|x64.Build.0 = Release|x64
		{E0B1C912-3C73-4C11-B681-FD1142147A4D}.Release|x86.ActiveCfg = Release|Win32
		{E0B1C912-3C73-4C11-B681-FD1142147A4D}.Release|x86.Build.0 = Release|Win32
		{6519B39C-F4F9-4081-AEB5-B4481CD3DB45}.Debug|x64.ActiveCfg = Debug|x64
		{6519B39C-F4F9-4081-AEB5-B4481CD3DB45}.Debug|x64.Build.0 = Debug|x64
		{6519B39C-F4F9-4081-AEB5-B4481CD3DB45}.Debug|x86.ActiveCfg = Debug|Win32
		{6519B39C-F4F9-4081-AEB5-B4481CD3DB45}.Debug|x86.Build.0 = Debug|Win32
		{6519B39C-F4F9-4081-AEB5-B4481CD3DB45}.Release|x64.ActiveCfg = Release|x64
		{6519B39C-F4F9-4081-AEB5-B4481CD3DB45}.Release|x64.Build.0 = Release|x64
		{6519B39C-F4F9-4081-AEB5-B4481CD3DB45}.Release|x86.ActiveCfg = Release|Win32
		{6519B39C-F4F9-4081-AEB5-B4481CD3DB45}.Release|x86.Build.0 = Release|Win32
		{31EBF1CF-3CBC-4966-B366-D0BB591299C8}.Debug|x64.ActiveCfg = Debug|x64
		{31EBF1CF-3CBC-4966-B366-D0BB591299C8}.Debug|x64.Build.0 = Debug|x64
		{31EBF1CF-3CBC-4966-B366-D0BB591299C8}.Debug|x86.ActiveCfg = Debug|Win32
		{31EBF1CF-3CBC-4966-B366-D0BB591299C8}.Debug|x86.Build.0 = Debug|Win32
		{31EBF1CF-3CBC-4966-B366-D0BB591299C8}.Release|x64.ActiveCfg = Release|x64
		{31EBF1CF-3CBC-4966-B366-D0BB591299C8}.Release|x64.Build.0 = Release|x64
		{31EBF1CF-3CBC-4966-B366-D0BB591299C8}.Release|x86.ActiveCfg = Release|Win32
		{31EBF1CF-3CBC-4966-B366-D0BB591299C8}.Release|x86.Build.0 = Release|Win32
		{1D31F0C5-801B-4D8B-AAC5-3D9A945EF7E7}.Debug|x64.ActiveCfg = Debug|x64
		{1D31F0C5-801B-4D8B-AAC5-3D9A945EF7E7}.Debug|x64.Build.0 = Debug|x64
		{1D31F0C5-801B-4D8B-AAC5-3D9A945EF7E7}.Debug|x86.ActiveCfg = Debug|Win32
		{1D31F0C5-801B-4D8B-AAC5-3D9A945EF7E7}.Debug|x86.Build.0 = Debug|Win32
		{1D31F0C5-801B-4D8B-AAC5-3D9A945EF7E7}.Release|x64.ActiveCfg = Release|x64
		{1D31F0C5-801B-4D8B-AAC5-3D9A945EF7E7}.Release|x64.Build.0 = Release|x64
		{1D31F0C5-801B-4D8B-AAC5-3D9A945EF7E7}.Release|x86.ActiveCfg = Release|Win32
		{1D31F0C5-801B-4D8B-AAC5-3D9A945EF7E7}.Release|x86.Build.0 = Release|Win32
		{1D97AE3A-1973-4621-9C53-47336CC75F15}.Debug|x64.ActiveCfg = Debug|x64
		{1D97AE3A-1973-4621-9C53-47336CC75F15}.Debug|x64.Build.0 = Debug|x64
		{1D97AE3A-1973-4621-9C53-47336CC75F15}.Debug|x86.ActiveCfg = Debug|Win32
		{1D97AE3A-1973-4621-9C53-47336CC75F15}.Debug|x86.Build.0 = Debug|Win32
		{1D97AE3A-1973-4621-9C53-47336CC75F15}.Release|x64.ActiveCfg = Release|x64
		{1D97AE3A-1973-4621-9C53-47336CC75F15}.Release|x64.Build.0 = Release|x64
		{1D97AE3A-1973-4621-9C53-47336CC75F15}.Release|x86.ActiveCfg = Release|Win32
		{1D97AE3A-1973-4621-9C53-47336CC75F15}.Release|x86.Build.0 = Release|Win32
		{3FDCA83C-49A2-45BF-B3EE-FCEFDF2132EC}.Debug|x64.ActiveCfg = Debug|x64
		{3FDCA83C-49A2-45BF-B3EE-FCEFDF2132EC}.Debug|x64.Build.0 = Debug|x64
		{3FDCA83C-49A2-45BF-B3EE-FCEFDF2132EC}.Debug|x86.ActiveCfg = Debug|Win32
		{3FDCA83C-49A2-45BF-B3EE-FCEFDF2132EC}.Debug|x86.Build.0 = Debug|Win32
		{3FDCA83C-49A2-45BF-B3EE-FCEFDF2132EC}.Release|x64.ActiveCfg = Release|x64
		{3FDCA83C-49A2-45BF-B3EE-FCEFDF2132EC}.Release|x64.Build.0 = Release|x64
		{3FDCA83C-49A2-45BF-B3EE-FCEFDF2132EC}.Release|x86.ActiveCfg = Release|Win32
		{3FDCA83C-49A2-45BF-B3EE-FCEFDF2132EC}.Release|x86.Build.0 = Release|Win32
		{05ED98D0-4406-4E08-811E-675497F1E6F6}.Debug|x64.ActiveCfg = Debug|x64
		{05ED98D0-4406-4E08-811E-675497F1E6F6}.Debug|x64.Build.0 = Debug|x64
		{05ED98D0-4406-4E08-811E-675497F1E6F6}.Debug|x86.ActiveCfg = Debug|Win32
		{05ED98D0-4406-4E08-811E-675497F1E6F6}.Debug|x86.Build.0 = Debug|Win32
		{05ED98D0-4406-4E08-811E-675497F1E6F6}.Release|x64.ActiveCfg = Release|x64
		{05ED98D0-4406-4E08-811E-675497F1E6F6}.Release|x64.Build.0 = Release|x64
		{05ED98D0-4406-4E08-811E-675497F1E6F6}.Release|x86.ActiveCfg = Release|Win32
		{05ED98D0-4406-4E08-811E-675497F1E6F6}.Release|x86.Build.0 = Release|Win32
		{7F7236E6-1DC1-42AB-B16D-91E2E1B953E7}.Debug|x64.ActiveCfg = Debug|x64
		{7F7236E6-1DC1-42AB-B16D-91E2E1B953E7}.Debug|x64.Build.0 = Debug|x64
		{7F7236E6-1DC1-42AB-B16D-91E2E1B953E7}.Debug|x86.ActiveCfg = Debug|Win32
		{7F7236E6-1DC1-42AB-B16D-91E2E1B953E7}.Debug|x86.Build.0 = Debug|Win32
		{7F7236E6-1DC1-42AB-B16D-91E2E1B953E7}.Release|x64.ActiveCfg = Release|x64
		{7F7236E6-1DC1-42AB-B16D-91E2E1B953E7}.Release|x64.Build.0 = Release|x64
		{7F7236E6-1DC1-42AB-B16D-91E2E1B953E7}.Release|x86.ActiveCfg = Release|Win32
		{7F7236E6-1DC1-42AB-B16D-91E2E1B953E7}.Release|x86.Build.0 = Release|Win32
		{5F0485D2-82C1-420A-BB77-4340F8065643}.Debug|x64.ActiveCfg = Debug|x64
		{5F0485D2-82C1-420A-BB77-4340F8065643}.Debug|x64.Build.0 = Debug|x64
		{5F0485D2-82C1-420A-BB77-4340F8065643}.Debug|x86.ActiveCfg = Debug|Win32
		{5F0485D2-82C1-420A-BB77-4340F8065643}.Debug|x86.Build.0 = Debug|Win32
		{5F0485D2-82C1-420A-BB77-4340F8065643}.Release|x64.ActiveCfg = Release|x64
		{5F0485D2-82C1-420A-BB77-4340F8065643}.Release|x64.Build.0 = Release|x64
		{5F0485D2-82C1-420A-BB77-4340F8065643}.Release|x86.ActiveCfg = Release|Win32
		{5F0485D2-82C1-420A-BB77-4340F8065643}.Release|x86.Build.0 = Release|Win32
		{C6D1A4B9-6D18-4EED-8F36-D73A2D4E22B3}.Debug|x64.ActiveCfg = Debug|x64
		{C6D1A4B9-6D18-4EED-8F36-D73A2D4E22B3}.Debug|x64.Build.0 = Debug|x64
		{C6D1A4B9-6D18-4EED-8F36-D73A2D4E22B3}.Debug|x86.ActiveCfg = Debug|Win32
		{C6D1A4B9-6D18-4EED-8F36-D73A2D4E22B3}.Debug|x86.Build.0 = Debug|Win32
		{C6D1A4B9-6D18-4EED-8F36-D73A2D4E22B3}.Release|x64.ActiveCfg = Release|x64
		{C6D1A4B9-6D18-4EED-8F36-D73A2D4E22B3}.Release|x64.Build.0 = Release|x64
		{C6D1A4B9-6D18-4EED-8F36-D73A2D4E22B3}.Release|x86.ActiveCfg = Release|Win32
		{C6D1A4B9-6D18-4EED-8F36-D73A2D4E22B3}.Release|x86.Build.0 = Release|Win32
		{245D0FC4-B898-47B9-ADDB-6385AC01DF08}.Debug|x64.ActiveCfg = Debug|x64
		{245D0FC4-B898-47B9-ADDB-6385AC01DF08}.Debug|x64.Build.0 = Debug|x64
		{245D0FC4-B898-47B9-ADDB-6385AC01DF08}.Debug|x86.ActiveCfg = Debug|Win32
		{245D0FC4-B898-47B9-ADDB-6385AC01DF08}.Debug|x86.Build.0 = Debug|Win32
		{245D0FC4-B898-47B9-ADDB-6385AC01DF08}.Release|x64.ActiveCfg = Release|x64
		{245D0FC4-B898-47B9-ADDB-6385AC01DF08}.Release|x64.Build.0 = Release|x64
		{245D0FC4-B898-47B9-ADDB-6385AC01DF08}.Release|x86.ActiveCfg = Release|Win32
		{245D0FC4-B898-47B9-ADDB-6385AC01DF08}.Release|x86.Build.0 = Release|Win32
		{6C9F9CEE-3738-4682-9E47-575C08ACB1B5}.Debug|x64.ActiveCfg = Debug|x64
		{6C9F9CEE-3738-4682-9E47-575C08ACB1B5}.Debug|x64.Build.0 = Debug|x64
		{6C9F9CEE-3738-4682-9E47-575C08ACB1B5}.Debug|x86.ActiveCfg = Debug|Win32
		{6C9F9CEE-3738-4682-9E47-575C08ACB1B5}.Debug|x86.Build.0 = Debug|Win32
		{6C9F9CEE-3738-4682-9E47-575C08ACB1B5}.Release|x64.ActiveCfg = Release|x64
		{6C9F9CEE-3738-4682-9E47-575C08ACB1B5}.Release|x64.Build.0 = Release|x64
		{6C9F9CEE-3738-4682-9E47-575C08ACB1B5}.Release|x86.ActiveCfg = Release|Win32
		{6C9F9CEE-3738-4682-9E47-575C08ACB1B5}.Release|x86.Build.0 = Release|Win32
	EndGlobalSection
	GlobalSection(SolutionProperties) = preSolution
		HideSolutionNode = FALSE
	EndGlobalSection
	GlobalSection(ExtensibilityGlobals) = postSolution
		SolutionGuid = {2275DE9E-C9DD-4B09-BEF9-0AE3EF0A856A}
	EndGlobalSection
EndGlobal
